// !$*UTF8*$!
{
	archiveVersion = 1;
	classes = {
	};
	objectVersion = 46;
	objects = {

/* Begin PBXBuildFile section */
		3FDF97611A73846A00B333A2 /* AppDelegate.swift in Sources */ = {isa = PBXBuildFile; fileRef = 3FDF97601A73846A00B333A2 /* AppDelegate.swift */; };
		3FDF97631A73846A00B333A2 /* ViewController.swift in Sources */ = {isa = PBXBuildFile; fileRef = 3FDF97621A73846A00B333A2 /* ViewController.swift */; };
		3FDF97661A73846A00B333A2 /* Main.storyboard in Resources */ = {isa = PBXBuildFile; fileRef = 3FDF97641A73846A00B333A2 /* Main.storyboard */; };
		3FDF97681A73846A00B333A2 /* Images.xcassets in Resources */ = {isa = PBXBuildFile; fileRef = 3FDF97671A73846A00B333A2 /* Images.xcassets */; };
		3FDF976B1A73846A00B333A2 /* LaunchScreen.xib in Resources */ = {isa = PBXBuildFile; fileRef = 3FDF97691A73846A00B333A2 /* LaunchScreen.xib */; };
		3FDF97771A73846A00B333A2 /* PostcardTests.swift in Sources */ = {isa = PBXBuildFile; fileRef = 3FDF97761A73846A00B333A2 /* PostcardTests.swift */; };
/* End PBXBuildFile section */

/* Begin PBXContainerItemProxy section */
		3FDF97711A73846A00B333A2 /* PBXContainerItemProxy */ = {
			isa = PBXContainerItemProxy;
			containerPortal = 3FDF97531A73846A00B333A2 /* Project object */;
			proxyType = 1;
			remoteGlobalIDString = 3FDF975A1A73846A00B333A2;
			remoteInfo = Postcard;
		};
/* End PBXContainerItemProxy section */

/* Begin PBXFileReference section */
		3FDF975B1A73846A00B333A2 /* Postcard.app */ = {isa = PBXFileReference; explicitFileType = wrapper.application; includeInIndex = 0; path = Postcard.app; sourceTree = BUILT_PRODUCTS_DIR; };
		3FDF975F1A73846A00B333A2 /* Info.plist */ = {isa = PBXFileReference; lastKnownFileType = text.plist.xml; path = Info.plist; sourceTree = "<group>"; };
		3FDF97601A73846A00B333A2 /* AppDelegate.swift */ = {isa = PBXFileReference; lastKnownFileType = sourcecode.swift; path = AppDelegate.swift; sourceTree = "<group>"; };
		3FDF97621A73846A00B333A2 /* ViewController.swift */ = {isa = PBXFileReference; lastKnownFileType = sourcecode.swift; path = ViewController.swift; sourceTree = "<group>"; };
		3FDF97651A73846A00B333A2 /* Base */ = {isa = PBXFileReference; lastKnownFileType = file.storyboard; name = Base; path = Base.lproj/Main.storyboard; sourceTree = "<group>"; };
		3FDF97671A73846A00B333A2 /* Images.xcassets */ = {isa = PBXFileReference; lastKnownFileType = folder.assetcatalog; path = Images.xcassets; sourceTree = "<group>"; };
		3FDF976A1A73846A00B333A2 /* Base */ = {isa = PBXFileReference; lastKnownFileType = file.xib; name = Base; path = Base.lproj/LaunchScreen.xib; sourceTree = "<group>"; };
		3FDF97701A73846A00B333A2 /* PostcardTests.xctest */ = {isa = PBXFileReference; explicitFileType = wrapper.cfbundle; includeInIndex = 0; path = PostcardTests.xctest; sourceTree = BUILT_PRODUCTS_DIR; };
		3FDF97751A73846A00B333A2 /* Info.plist */ = {isa = PBXFileReference; lastKnownFileType = text.plist.xml; path = Info.plist; sourceTree = "<group>"; };
		3FDF97761A73846A00B333A2 /* PostcardTests.swift */ = {isa = PBXFileReference; lastKnownFileType = sourcecode.swift; path = PostcardTests.swift; sourceTree = "<group>"; };
/* End PBXFileReference section */

/* Begin PBXFrameworksBuildPhase section */
		3FDF97581A73846A00B333A2 /* Frameworks */ = {
			isa = PBXFrameworksBuildPhase;
			buildActionMask = 2147483647;
			files = (
			);
			runOnlyForDeploymentPostprocessing = 0;
		};
		3FDF976D1A73846A00B333A2 /* Frameworks */ = {
			isa = PBXFrameworksBuildPhase;
			buildActionMask = 2147483647;
			files = (
			);
			runOnlyForDeploymentPostprocessing = 0;
		};
/* End PBXFrameworksBuildPhase section */

/* Begin PBXGroup section */
		3FDF97521A73846A00B333A2 = {
			isa = PBXGroup;
			children = (
				3FDF975D1A73846A00B333A2 /* Postcard */,
				3FDF97731A73846A00B333A2 /* PostcardTests */,
				3FDF975C1A73846A00B333A2 /* Products */,
			);
			sourceTree = "<group>";
		};
		3FDF975C1A73846A00B333A2 /* Products */ = {
			isa = PBXGroup;
			children = (
				3FDF975B1A73846A00B333A2 /* Postcard.app */,
				3FDF97701A73846A00B333A2 /* PostcardTests.xctest */,
			);
			name = Products;
			sourceTree = "<group>";
		};
		3FDF975D1A73846A00B333A2 /* Postcard */ = {
			isa = PBXGroup;
			children = (
				3FDF97601A73846A00B333A2 /* AppDelegate.swift */,
				3FDF97621A73846A00B333A2 /* ViewController.swift */,
				3FDF97641A73846A00B333A2 /* Main.storyboard */,
				3FDF97671A73846A00B333A2 /* Images.xcassets */,
				3FDF97691A73846A00B333A2 /* LaunchScreen.xib */,
				3FDF975E1A73846A00B333A2 /* Supporting Files */,
			);
			path = Postcard;
			sourceTree = "<group>";
		};
		3FDF975E1A73846A00B333A2 /* Supporting Files */ = {
			isa = PBXGroup;
			children = (
				3FDF975F1A73846A00B333A2 /* Info.plist */,
			);
			name = "Supporting Files";
			sourceTree = "<group>";
		};
		3FDF97731A73846A00B333A2 /* PostcardTests */ = {
			isa = PBXGroup;
			children = (
				3FDF97761A73846A00B333A2 /* PostcardTests.swift */,
				3FDF97741A73846A00B333A2 /* Supporting Files */,
			);
			path = PostcardTests;
			sourceTree = "<group>";
		};
		3FDF97741A73846A00B333A2 /* Supporting Files */ = {
			isa = PBXGroup;
			children = (
				3FDF97751A73846A00B333A2 /* Info.plist */,
			);
			name = "Supporting Files";
			sourceTree = "<group>";
		};
/* End PBXGroup section */

/* Begin PBXNativeTarget section */
		3FDF975A1A73846A00B333A2 /* Postcard */ = {
			isa = PBXNativeTarget;
			buildConfigurationList = 3FDF977A1A73846A00B333A2 /* Build configuration list for PBXNativeTarget "Postcard" */;
			buildPhases = (
				3FDF97571A73846A00B333A2 /* Sources */,
				3FDF97581A73846A00B333A2 /* Frameworks */,
				3FDF97591A73846A00B333A2 /* Resources */,
			);
			buildRules = (
			);
			dependencies = (
			);
			name = Postcard;
			productName = Postcard;
			productReference = 3FDF975B1A73846A00B333A2 /* Postcard.app */;
			productType = "com.apple.product-type.application";
		};
		3FDF976F1A73846A00B333A2 /* PostcardTests */ = {
			isa = PBXNativeTarget;
			buildConfigurationList = 3FDF977D1A73846A00B333A2 /* Build configuration list for PBXNativeTarget "PostcardTests" */;
			buildPhases = (
				3FDF976C1A73846A00B333A2 /* Sources */,
				3FDF976D1A73846A00B333A2 /* Frameworks */,
				3FDF976E1A73846A00B333A2 /* Resources */,
			);
			buildRules = (
			);
			dependencies = (
				3FDF97721A73846A00B333A2 /* PBXTargetDependency */,
			);
			name = PostcardTests;
			productName = PostcardTests;
			productReference = 3FDF97701A73846A00B333A2 /* PostcardTests.xctest */;
			productType = "com.apple.product-type.bundle.unit-test";
		};
/* End PBXNativeTarget section */

/* Begin PBXProject section */
		3FDF97531A73846A00B333A2 /* Project object */ = {
			isa = PBXProject;
			attributes = {
				LastUpgradeCheck = 0610;
				ORGANIZATIONNAME = "Chaos Labs OOD";
				TargetAttributes = {
					3FDF975A1A73846A00B333A2 = {
						CreatedOnToolsVersion = 6.1.1;
					};
					3FDF976F1A73846A00B333A2 = {
						CreatedOnToolsVersion = 6.1.1;
						TestTargetID = 3FDF975A1A73846A00B333A2;
					};
				};
			};
			buildConfigurationList = 3FDF97561A73846A00B333A2 /* Build configuration list for PBXProject "Postcard" */;
			compatibilityVersion = "Xcode 3.2";
			developmentRegion = English;
			hasScannedForEncodings = 0;
			knownRegions = (
				en,
				Base,
			);
			mainGroup = 3FDF97521A73846A00B333A2;
			productRefGroup = 3FDF975C1A73846A00B333A2 /* Products */;
			projectDirPath = "";
			projectRoot = "";
			targets = (
				3FDF975A1A73846A00B333A2 /* Postcard */,
				3FDF976F1A73846A00B333A2 /* PostcardTests */,
			);
		};
/* End PBXProject section */

/* Begin PBXResourcesBuildPhase section */
		3FDF97591A73846A00B333A2 /* Resources */ = {
			isa = PBXResourcesBuildPhase;
			buildActionMask = 2147483647;
			files = (
				3FDF97661A73846A00B333A2 /* Main.storyboard in Resources */,
				3FDF976B1A73846A00B333A2 /* LaunchScreen.xib in Resources */,
				3FDF97681A73846A00B333A2 /* Images.xcassets in Resources */,
			);
			runOnlyForDeploymentPostprocessing = 0;
		};
		3FDF976E1A73846A00B333A2 /* Resources */ = {
			isa = PBXResourcesBuildPhase;
			buildActionMask = 2147483647;
			files = (
			);
			runOnlyForDeploymentPostprocessing = 0;
		};
/* End PBXResourcesBuildPhase section */

/* Begin PBXSourcesBuildPhase section */
		3FDF97571A73846A00B333A2 /* Sources */ = {
			isa = PBXSourcesBuildPhase;
			buildActionMask = 2147483647;
			files = (
				3FDF97631A73846A00B333A2 /* ViewController.swift in Sources */,
				3FDF97611A73846A00B333A2 /* AppDelegate.swift in Sources */,
			);
			runOnlyForDeploymentPostprocessing = 0;
		};
		3FDF976C1A73846A00B333A2 /* Sources */ = {
			isa = PBXSourcesBuildPhase;
			buildActionMask = 2147483647;
			files = (
				3FDF97771A73846A00B333A2 /* PostcardTests.swift in Sources */,
			);
			runOnlyForDeploymentPostprocessing = 0;
		};
/* End PBXSourcesBuildPhase section */

/* Begin PBXTargetDependency section */
		3FDF97721A73846A00B333A2 /* PBXTargetDependency */ = {
			isa = PBXTargetDependency;
			target = 3FDF975A1A73846A00B333A2 /* Postcard */;
			targetProxy = 3FDF97711A73846A00B333A2 /* PBXContainerItemProxy */;
		};
/* End PBXTargetDependency section */

/* Begin PBXVariantGroup section */
		3FDF97641A73846A00B333A2 /* Main.storyboard */ = {
			isa = PBXVariantGroup;
			children = (
				3FDF97651A73846A00B333A2 /* Base */,
			);
			name = Main.storyboard;
			sourceTree = "<group>";
		};
		3FDF97691A73846A00B333A2 /* LaunchScreen.xib */ = {
			isa = PBXVariantGroup;
			children = (
				3FDF976A1A73846A00B333A2 /* Base */,
			);
			name = LaunchScreen.xib;
			sourceTree = "<group>";
		};
/* End PBXVariantGroup section */

/* Begin XCBuildConfiguration section */
		3FDF97781A73846A00B333A2 /* Debug */ = {
			isa = XCBuildConfiguration;
			buildSettings = {
				ALWAYS_SEARCH_USER_PATHS = NO;
				CLANG_CXX_LANGUAGE_STANDARD = "gnu++0x";
				CLANG_CXX_LIBRARY = "libc++";
				CLANG_ENABLE_MODULES = YES;
				CLANG_ENABLE_OBJC_ARC = YES;
				CLANG_WARN_BOOL_CONVERSION = YES;
				CLANG_WARN_CONSTANT_CONVERSION = YES;
				CLANG_WARN_DIRECT_OBJC_ISA_USAGE = YES_ERROR;
				CLANG_WARN_EMPTY_BODY = YES;
				CLANG_WARN_ENUM_CONVERSION = YES;
				CLANG_WARN_INT_CONVERSION = YES;
				CLANG_WARN_OBJC_ROOT_CLASS = YES_ERROR;
				CLANG_WARN_UNREACHABLE_CODE = YES;
				CLANG_WARN__DUPLICATE_METHOD_MATCH = YES;
				"CODE_SIGN_IDENTITY[sdk=iphoneos*]" = "iPhone Developer";
				COPY_PHASE_STRIP = NO;
				ENABLE_STRICT_OBJC_MSGSEND = YES;
				GCC_C_LANGUAGE_STANDARD = gnu99;
				GCC_DYNAMIC_NO_PIC = NO;
				GCC_OPTIMIZATION_LEVEL = 0;
				GCC_PREPROCESSOR_DEFINITIONS = (
					"DEBUG=1",
					"$(inherited)",
				);
				GCC_SYMBOLS_PRIVATE_EXTERN = NO;
				GCC_WARN_64_TO_32_BIT_CONVERSION = YES;
				GCC_WARN_ABOUT_RETURN_TYPE = YES_ERROR;
				GCC_WARN_UNDECLARED_SELECTOR = YES;
				GCC_WARN_UNINITIALIZED_AUTOS = YES_AGGRESSIVE;
				GCC_WARN_UNUSED_FUNCTION = YES;
				GCC_WARN_UNUSED_VARIABLE = YES;
				IPHONEOS_DEPLOYMENT_TARGET = 8.1;
				MTL_ENABLE_DEBUG_INFO = YES;
				ONLY_ACTIVE_ARCH = YES;
				SDKROOT = iphoneos;
				SWIFT_OPTIMIZATION_LEVEL = "-Onone";
				TARGETED_DEVICE_FAMILY = "1,2";
			};
			name = Debug;
		};
		3FDF97791A73846A00B333A2 /* Release */ = {
			isa = XCBuildConfiguration;
			buildSettings = {
				ALWAYS_SEARCH_USER_PATHS = NO;
				CLANG_CXX_LANGUAGE_STANDARD = "gnu++0x";
				CLANG_CXX_LIBRARY = "libc++";
				CLANG_ENABLE_MODULES = YES;
				CLANG_ENABLE_OBJC_ARC = YES;
				CLANG_WARN_BOOL_CONVERSION = YES;
				CLANG_WARN_CONSTANT_CONVERSION = YES;
				CLANG_WARN_DIRECT_OBJC_ISA_USAGE = YES_ERROR;
				CLANG_WARN_EMPTY_BODY = YES;
				CLANG_WARN_ENUM_CONVERSION = YES;
				CLANG_WARN_INT_CONVERSION = YES;
				CLANG_WARN_OBJC_ROOT_CLASS = YES_ERROR;
				CLANG_WARN_UNREACHABLE_CODE = YES;
				CLANG_WARN__DUPLICATE_METHOD_MATCH = YES;
				"CODE_SIGN_IDENTITY[sdk=iphoneos*]" = "iPhone Developer";
				COPY_PHASE_STRIP = YES;
				ENABLE_NS_ASSERTIONS = NO;
				ENABLE_STRICT_OBJC_MSGSEND = YES;
				GCC_C_LANGUAGE_STANDARD = gnu99;
				GCC_WARN_64_TO_32_BIT_CONVERSION = YES;
				GCC_WARN_ABOUT_RETURN_TYPE = YES_ERROR;
				GCC_WARN_UNDECLARED_SELECTOR = YES;
				GCC_WARN_UNINITIALIZED_AUTOS = YES_AGGRESSIVE;
				GCC_WARN_UNUSED_FUNCTION = YES;
				GCC_WARN_UNUSED_VARIABLE = YES;
				IPHONEOS_DEPLOYMENT_TARGET = 8.1;
				MTL_ENABLE_DEBUG_INFO = NO;
				SDKROOT = iphoneos;
				TARGETED_DEVICE_FAMILY = "1,2";
				VALIDATE_PRODUCT = YES;
			};
			name = Release;
		};
		3FDF977B1A73846A00B333A2 /* Debug */ = {
			isa = XCBuildConfiguration;
			buildSettings = {
				ASSETCATALOG_COMPILER_APPICON_NAME = AppIcon;
				INFOPLIST_FILE = Postcard/Info.plist;
				LD_RUNPATH_SEARCH_PATHS = "$(inherited) @executable_path/Frameworks";
				PRODUCT_NAME = "$(TARGET_NAME)";
			};
			name = Debug;
		};
		3FDF977C1A73846A00B333A2 /* Release */ = {
			isa = XCBuildConfiguration;
			buildSettings = {
				ASSETCATALOG_COMPILER_APPICON_NAME = AppIcon;
				INFOPLIST_FILE = Postcard/Info.plist;
				LD_RUNPATH_SEARCH_PATHS = "$(inherited) @executable_path/Frameworks";
				PRODUCT_NAME = "$(TARGET_NAME)";
			};
			name = Release;
		};
		3FDF977E1A73846A00B333A2 /* Debug */ = {
			isa = XCBuildConfiguration;
			buildSettings = {
				BUNDLE_LOADER = "$(TEST_HOST)";
				FRAMEWORK_SEARCH_PATHS = (
					"$(SDKROOT)/Developer/Library/Frameworks",
					"$(inherited)",
				);
				GCC_PREPROCESSOR_DEFINITIONS = (
					"DEBUG=1",
					"$(inherited)",
				);
				INFOPLIST_FILE = PostcardTests/Info.plist;
				LD_RUNPATH_SEARCH_PATHS = "$(inherited) @executable_path/Frameworks @loader_path/Frameworks";
				PRODUCT_NAME = "$(TARGET_NAME)";
				TEST_HOST = "$(BUILT_PRODUCTS_DIR)/Postcard.app/Postcard";
			};
			name = Debug;
		};
		3FDF977F1A73846A00B333A2 /* Release */ = {
			isa = XCBuildConfiguration;
			buildSettings = {
				BUNDLE_LOADER = "$(TEST_HOST)";
				FRAMEWORK_SEARCH_PATHS = (
					"$(SDKROOT)/Developer/Library/Frameworks",
					"$(inherited)",
				);
				INFOPLIST_FILE = PostcardTests/Info.plist;
				LD_RUNPATH_SEARCH_PATHS = "$(inherited) @executable_path/Frameworks @loader_path/Frameworks";
				PRODUCT_NAME = "$(TARGET_NAME)";
				TEST_HOST = "$(BUILT_PRODUCTS_DIR)/Postcard.app/Postcard";
			};
			name = Release;
		};
/* End XCBuildConfiguration section */

/* Begin XCConfigurationList section */
		3FDF97561A73846A00B333A2 /* Build configuration list for PBXProject "Postcard" */ = {
			isa = XCConfigurationList;
			buildConfigurations = (
				3FDF97781A73846A00B333A2 /* Debug */,
				3FDF97791A73846A00B333A2 /* Release */,
			);
			defaultConfigurationIsVisible = 0;
			defaultConfigurationName = Release;
		};
		3FDF977A1A73846A00B333A2 /* Build configuration list for PBXNativeTarget "Postcard" */ = {
			isa = XCConfigurationList;
			buildConfigurations = (
				3FDF977B1A73846A00B333A2 /* Debug */,
				3FDF977C1A73846A00B333A2 /* Release */,
			);
			defaultConfigurationIsVisible = 0;
		};
		3FDF977D1A73846A00B333A2 /* Build configuration list for PBXNativeTarget "PostcardTests" */ = {
			isa = XCConfigurationList;
			buildConfigurations = (
				3FDF977E1A73846A00B333A2 /* Debug */,
				3FDF977F1A73846A00B333A2 /* Release */,
			);
			defaultConfigurationIsVisible = 0;
		};
/* End XCConfigurationList section */
	};
	rootObject = 3FDF97531A73846A00B333A2 /* Project object */;
}
